
Microsoft Visual Studio Solution File, Format Version 12.00
# Visual Studio Version 16
VisualStudioVersion = 16.0.32602.291
MinimumVisualStudioVersion = 10.0.40219.1
Project("{FAE04EC0-301F-11D3-BF4B-00C04F79EFBC}") = "CustomAuthApp", "CustomAuthApp\CustomAuthApp.csproj", "{7BC10CB0-1DEB-4943-9263-AC46F60228DB}"
EndProject
Global
	GlobalSection(SolutionConfigurationPlatforms) = preSolution
		Debug|Any CPU = Debug|Any CPU
		Release|Any CPU = Release|Any CPU
	EndGlobalSection
	GlobalSection(ProjectConfigurationPlatforms) = postSolution
		{7BC10CB0-1DEB-4943-9263-AC46F60228DB}.Debug|Any CPU.ActiveCfg = Debug|Any CPU
		{7BC10CB0-1DEB-4943-9263-AC46F60228DB}.Debug|Any CPU.Build.0 = Debug|Any CPU
		{7BC10CB0-1DEB-4943-9263-AC46F60228DB}.Release|Any CPU.ActiveCfg = Release|Any CPU
		{7BC10CB0-1DEB-4943-9263-AC46F60228DB}.Release|Any CPU.Build.0 = Release|Any CPU
	EndGlobalSection
	GlobalSection(SolutionProperties) = preSolution
		HideSolutionNode = FALSE
	EndGlobalSection
	GlobalSection(ExtensibilityGlobals) = postSolution
		SolutionGuid = {F9C5BA7F-6338-498B-9728-78B150F2FEF2}
	EndGlobalSection
EndGlobal
